
Microsoft Visual Studio Solution File, Format Version 12.00
# Visual Studio Version 17
VisualStudioVersion = 17.14.36408.4
MinimumVisualStudioVersion = 10.0.40219.1
Project("{FAE04EC0-301F-11D3-BF4B-00C04F79EFBC}") = "NeedolinArsenal", "NeedolinArsenal\NeedolinArsenal.csproj", "{FA0B19AC-E2A4-AE68-728E-4F50C44C1CBC}"
EndProject
Global
	GlobalSection(SolutionConfigurationPlatforms) = preSolution
		Debug|Any CPU = Debug|Any CPU
		Release|Any CPU = Release|Any CPU
	EndGlobalSection
	GlobalSection(ProjectConfigurationPlatforms) = postSolution
		{FA0B19AC-E2A4-AE68-728E-4F50C44C1CBC}.Debug|Any CPU.ActiveCfg = Debug|Any CPU
		{FA0B19AC-E2A4-AE68-728E-4F50C44C1CBC}.Debug|Any CPU.Build.0 = Debug|Any CPU
		{FA0B19AC-E2A4-AE68-728E-4F50C44C1CBC}.Release|Any CPU.ActiveCfg = Release|Any CPU
		{FA0B19AC-E2A4-AE68-728E-4F50C44C1CBC}.Release|Any CPU.Build.0 = Release|Any CPU
	EndGlobalSection
	GlobalSection(SolutionProperties) = preSolution
		HideSolutionNode = FALSE
	EndGlobalSection
	GlobalSection(ExtensibilityGlobals) = postSolution
		SolutionGuid = {A9C2B2BC-3A44-4162-BC8A-D898660CCCAF}
	EndGlobalSection
EndGlobal
